
Microsoft Visual Studio Solution File, Format Version 12.00
# Visual Studio 15
VisualStudioVersion = 15.0.27428.2043
MinimumVisualStudioVersion = 10.0.40219.1
Project("{FAE04EC0-301F-11D3-BF4B-00C04F79EFBC}") = "tns", "tns.csproj", "{706ACC1A-887F-4E32-B63D-0E0B35548F89}"
EndProject
Global
	GlobalSection(SolutionConfigurationPlatforms) = preSolution
		Debug|Any CPU = Debug|Any CPU
		Release|Any CPU = Release|Any CPU
	EndGlobalSection
	GlobalSection(ProjectConfigurationPlatforms) = postSolution
		{706ACC1A-887F-4E32-B63D-0E0B35548F89}.Debug|Any CPU.ActiveCfg = Debug|Any CPU
		{706ACC1A-887F-4E32-B63D-0E0B35548F89}.Debug|Any CPU.Build.0 = Debug|Any CPU
		{706ACC1A-887F-4E32-B63D-0E0B35548F89}.Release|Any CPU.ActiveCfg = Release|Any CPU
		{706ACC1A-887F-4E32-B63D-0E0B35548F89}.Release|Any CPU.Build.0 = Release|Any CPU
	EndGlobalSection
	GlobalSection(SolutionProperties) = preSolution
		HideSolutionNode = FALSE
	EndGlobalSection
	GlobalSection(ExtensibilityGlobals) = postSolution
		SolutionGuid = {D0D7779B-ED71-41F1-91C5-DD0D5C03E678}
	EndGlobalSection
EndGlobal
